dependencies:
- name: kube-prometheus-stack
  repository: https://prometheus-community.github.io/helm-charts
  version: 91.9.0
- name: loki-stack
  repository: https://grafana.github.io/helm-charts
  version: 2.10.3
digest: sha256:79f3bbc1716491f99fa88ae0b340569841c663cc292258ef86bce09ff481ee66
generated: "2026-10-07T05:18:30.123902802Z"
