dependencies:
- name: kube-prometheus-stack
  repository: https://prometheus-community.github.io/helm-charts
  version: 87.7.0
- name: loki-stack
  repository: https://grafana.github.io/helm-charts
  version: 2.10.3
digest: sha256:b8a9e2b52147e83222ec81fa55fa600bd181f36445f118de25fff45886b90c7e
generated: "2026-07-07T01:23:20.547992386Z"
